
Microsoft Visual Studio Solution File, Format Version 12.00
Project("{FAE04EC0-301F-11D3-BF4B-00C04F79EFBC}") = "Bang_Game", "Bang_Game\Bang_Game.csproj", "{38E8231C-E413-49BB-A5E2-164561CDFE25}"
EndProject
Project("{FAE04EC0-301F-11D3-BF4B-00C04F79EFBC}") = "TCPServer", "TCPServer\TCPServer.csproj", "{CFBCAC94-167C-48B7-A1A1-45D8861FBF0B}"
EndProject
Project("{FAE04EC0-301F-11D3-BF4B-00C04F79EFBC}") = "XProtocol", "XProtocol\XProtocol.csproj", "{D789A6BD-9650-40C1-9326-48783DAEA738}"
EndProject
Global
	GlobalSection(SolutionConfigurationPlatforms) = preSolution
		Debug|Any CPU = Debug|Any CPU
		Release|Any CPU = Release|Any CPU
	EndGlobalSection
	GlobalSection(ProjectConfigurationPlatforms) = postSolution
		{38E8231C-E413-49BB-A5E2-164561CDFE25}.Debug|Any CPU.ActiveCfg = Debug|Any CPU
		{38E8231C-E413-49BB-A5E2-164561CDFE25}.Debug|Any CPU.Build.0 = Debug|Any CPU
		{38E8231C-E413-49BB-A5E2-164561CDFE25}.Release|Any CPU.ActiveCfg = Release|Any CPU
		{38E8231C-E413-49BB-A5E2-164561CDFE25}.Release|Any CPU.Build.0 = Release|Any CPU
		{CFBCAC94-167C-48B7-A1A1-45D8861FBF0B}.Debug|Any CPU.ActiveCfg = Debug|Any CPU
		{CFBCAC94-167C-48B7-A1A1-45D8861FBF0B}.Debug|Any CPU.Build.0 = Debug|Any CPU
		{CFBCAC94-167C-48B7-A1A1-45D8861FBF0B}.Release|Any CPU.ActiveCfg = Release|Any CPU
		{CFBCAC94-167C-48B7-A1A1-45D8861FBF0B}.Release|Any CPU.Build.0 = Release|Any CPU
		{D789A6BD-9650-40C1-9326-48783DAEA738}.Debug|Any CPU.ActiveCfg = Debug|Any CPU
		{D789A6BD-9650-40C1-9326-48783DAEA738}.Debug|Any CPU.Build.0 = Debug|Any CPU
		{D789A6BD-9650-40C1-9326-48783DAEA738}.Release|Any CPU.ActiveCfg = Release|Any CPU
		{D789A6BD-9650-40C1-9326-48783DAEA738}.Release|Any CPU.Build.0 = Release|Any CPU
	EndGlobalSection
EndGlobal
